
Microsoft Visual Studio Solution File, Format Version 12.00
# Visual Studio Version 17
VisualStudioVersion = 17.0.31903.59
MinimumVisualStudioVersion = 10.0.40219.1
Project("{2150E333-8FDC-42A3-9474-1A3956D46DE8}") = "src", "src", "{F696BA51-DE00-4452-A82F-F24493032746}"
EndProject
Project("{FAE04EC0-301F-11D3-BF4B-00C04F79EFBC}") = "Swaggerator.Collector", "src\Swaggerator.Collector\Swaggerator.Collector.csproj", "{5B6C0CC8-3C16-4BE2-8BF2-EBF44E0917DA}"
EndProject
Global
	GlobalSection(SolutionConfigurationPlatforms) = preSolution
		Debug|Any CPU = Debug|Any CPU
		Release|Any CPU = Release|Any CPU
	EndGlobalSection
	GlobalSection(SolutionProperties) = preSolution
		HideSolutionNode = FALSE
	EndGlobalSection
	GlobalSection(ProjectConfigurationPlatforms) = postSolution
		{5B6C0CC8-3C16-4BE2-8BF2-EBF44E0917DA}.Debug|Any CPU.ActiveCfg = Debug|Any CPU
		{5B6C0CC8-3C16-4BE2-8BF2-EBF44E0917DA}.Debug|Any CPU.Build.0 = Debug|Any CPU
		{5B6C0CC8-3C16-4BE2-8BF2-EBF44E0917DA}.Release|Any CPU.ActiveCfg = Release|Any CPU
		{5B6C0CC8-3C16-4BE2-8BF2-EBF44E0917DA}.Release|Any CPU.Build.0 = Release|Any CPU
	EndGlobalSection
	GlobalSection(NestedProjects) = preSolution
		{5B6C0CC8-3C16-4BE2-8BF2-EBF44E0917DA} = {F696BA51-DE00-4452-A82F-F24493032746}
	EndGlobalSection
EndGlobal
