
Microsoft Visual Studio Solution File, Format Version 12.00
# Visual Studio Version 17
VisualStudioVersion = 17.0.31903.59
MinimumVisualStudioVersion = 10.0.40219.1
Project("{2150E333-8FDC-42A3-9474-1A3956D46DE8}") = "src", "src", "{F696BA51-DE00-4452-A82F-F24493032746}"
EndProject
Project("{FAE04EC0-301F-11D3-BF4B-00C04F79EFBC}") = "Swaggerator.Collector", "src\Swaggerator.Collector\Swaggerator.Collector.csproj", "{5B6C0CC8-3C16-4BE2-8BF2-EBF44E0917DA}"
EndProject
Project("{2150E333-8FDC-42A3-9474-1A3956D46DE8}") = "tests", "tests", "{C44044CB-E8AD-4CB5-A151-52F779047047}"
EndProject
Project("{FAE04EC0-301F-11D3-BF4B-00C04F79EFBC}") = "Swaggerator.Collector.Tests", "tests\Swaggerator.Collector.Tests\Swaggerator.Collector.Tests.csproj", "{57B80611-4E4A-452A-A233-80276FDDFF2E}"
EndProject
Project("{FAE04EC0-301F-11D3-BF4B-00C04F79EFBC}") = "Swaggerator.Annotations", "src\Swaggerator.Annotations\Swaggerator.Annotations.csproj", "{C5976024-F792-42A2-916E-712BC9BAE740}"
EndProject
Project("{FAE04EC0-301F-11D3-BF4B-00C04F79EFBC}") = "Swaggerator.Annotations.Tests", "tests\Swaggerator.Annotations.Tests\Swaggerator.Annotations.Tests.csproj", "{63E268EA-E60F-433B-8C2D-0AC78C0C2F3E}"
EndProject
Project("{FAE04EC0-301F-11D3-BF4B-00C04F79EFBC}") = "Swaggerator.Swagger", "src\Swaggerator.Swagger\Swaggerator.Swagger.csproj", "{97395ACC-9A60-4013-9F28-68E120B01753}"
EndProject
Project("{FAE04EC0-301F-11D3-BF4B-00C04F79EFBC}") = "Swaggerator.Swagger.Tests", "tests\Swaggerator.Swagger.Tests\Swaggerator.Swagger.Tests.csproj", "{0BA236E0-EE72-44A7-85FB-DB325A6F0CEB}"
EndProject
Global
	GlobalSection(SolutionConfigurationPlatforms) = preSolution
		Debug|Any CPU = Debug|Any CPU
		Release|Any CPU = Release|Any CPU
	EndGlobalSection
	GlobalSection(SolutionProperties) = preSolution
		HideSolutionNode = FALSE
	EndGlobalSection
	GlobalSection(ProjectConfigurationPlatforms) = postSolution
		{5B6C0CC8-3C16-4BE2-8BF2-EBF44E0917DA}.Debug|Any CPU.ActiveCfg = Debug|Any CPU
		{5B6C0CC8-3C16-4BE2-8BF2-EBF44E0917DA}.Debug|Any CPU.Build.0 = Debug|Any CPU
		{5B6C0CC8-3C16-4BE2-8BF2-EBF44E0917DA}.Release|Any CPU.ActiveCfg = Release|Any CPU
		{5B6C0CC8-3C16-4BE2-8BF2-EBF44E0917DA}.Release|Any CPU.Build.0 = Release|Any CPU
		{57B80611-4E4A-452A-A233-80276FDDFF2E}.Debug|Any CPU.ActiveCfg = Debug|Any CPU
		{57B80611-4E4A-452A-A233-80276FDDFF2E}.Debug|Any CPU.Build.0 = Debug|Any CPU
		{57B80611-4E4A-452A-A233-80276FDDFF2E}.Release|Any CPU.ActiveCfg = Release|Any CPU
		{57B80611-4E4A-452A-A233-80276FDDFF2E}.Release|Any CPU.Build.0 = Release|Any CPU
		{C5976024-F792-42A2-916E-712BC9BAE740}.Debug|Any CPU.ActiveCfg = Debug|Any CPU
		{C5976024-F792-42A2-916E-712BC9BAE740}.Debug|Any CPU.Build.0 = Debug|Any CPU
		{C5976024-F792-42A2-916E-712BC9BAE740}.Release|Any CPU.ActiveCfg = Release|Any CPU
		{C5976024-F792-42A2-916E-712BC9BAE740}.Release|Any CPU.Build.0 = Release|Any CPU
		{63E268EA-E60F-433B-8C2D-0AC78C0C2F3E}.Debug|Any CPU.ActiveCfg = Debug|Any CPU
		{63E268EA-E60F-433B-8C2D-0AC78C0C2F3E}.Debug|Any CPU.Build.0 = Debug|Any CPU
		{63E268EA-E60F-433B-8C2D-0AC78C0C2F3E}.Release|Any CPU.ActiveCfg = Release|Any CPU
		{63E268EA-E60F-433B-8C2D-0AC78C0C2F3E}.Release|Any CPU.Build.0 = Release|Any CPU
		{97395ACC-9A60-4013-9F28-68E120B01753}.Debug|Any CPU.ActiveCfg = Debug|Any CPU
		{97395ACC-9A60-4013-9F28-68E120B01753}.Debug|Any CPU.Build.0 = Debug|Any CPU
		{97395ACC-9A60-4013-9F28-68E120B01753}.Release|Any CPU.ActiveCfg = Release|Any CPU
		{97395ACC-9A60-4013-9F28-68E120B01753}.Release|Any CPU.Build.0 = Release|Any CPU
		{0BA236E0-EE72-44A7-85FB-DB325A6F0CEB}.Debug|Any CPU.ActiveCfg = Debug|Any CPU
		{0BA236E0-EE72-44A7-85FB-DB325A6F0CEB}.Debug|Any CPU.Build.0 = Debug|Any CPU
		{0BA236E0-EE72-44A7-85FB-DB325A6F0CEB}.Release|Any CPU.ActiveCfg = Release|Any CPU
		{0BA236E0-EE72-44A7-85FB-DB325A6F0CEB}.Release|Any CPU.Build.0 = Release|Any CPU
	EndGlobalSection
	GlobalSection(NestedProjects) = preSolution
		{5B6C0CC8-3C16-4BE2-8BF2-EBF44E0917DA} = {F696BA51-DE00-4452-A82F-F24493032746}
		{57B80611-4E4A-452A-A233-80276FDDFF2E} = {C44044CB-E8AD-4CB5-A151-52F779047047}
		{C5976024-F792-42A2-916E-712BC9BAE740} = {F696BA51-DE00-4452-A82F-F24493032746}
		{63E268EA-E60F-433B-8C2D-0AC78C0C2F3E} = {C44044CB-E8AD-4CB5-A151-52F779047047}
		{97395ACC-9A60-4013-9F28-68E120B01753} = {F696BA51-DE00-4452-A82F-F24493032746}
		{0BA236E0-EE72-44A7-85FB-DB325A6F0CEB} = {C44044CB-E8AD-4CB5-A151-52F779047047}
	EndGlobalSection
EndGlobal
