
Microsoft Visual Studio Solution File, Format Version 12.00
# Visual Studio Version 17
VisualStudioVersion = 17.0.31903.59
MinimumVisualStudioVersion = 10.0.40219.1
Project("{2150E333-8FDC-42A3-9474-1A3956D46DE8}") = "src", "src", "{F696BA51-DE00-4452-A82F-F24493032746}"
EndProject
Project("{FAE04EC0-301F-11D3-BF4B-00C04F79EFBC}") = "Swaggerator.Collector", "src\Swaggerator.Collector\Swaggerator.Collector.csproj", "{5B6C0CC8-3C16-4BE2-8BF2-EBF44E0917DA}"
EndProject
Project("{2150E333-8FDC-42A3-9474-1A3956D46DE8}") = "tests", "tests", "{C44044CB-E8AD-4CB5-A151-52F779047047}"
EndProject
Project("{FAE04EC0-301F-11D3-BF4B-00C04F79EFBC}") = "Swaggerator.Collector.Tests", "tests\Swaggerator.Collector.Tests\Swaggerator.Collector.Tests.csproj", "{57B80611-4E4A-452A-A233-80276FDDFF2E}"
EndProject
Project("{FAE04EC0-301F-11D3-BF4B-00C04F79EFBC}") = "Swaggerator.Types", "src\Swaggerator.Types\Swaggerator.Types.csproj", "{EABEE4EE-4E98-45D8-803B-96DF30870421}"
EndProject
Project("{FAE04EC0-301F-11D3-BF4B-00C04F79EFBC}") = "Swaggerator.Types.Tests", "tests\Swaggerator.Types.Tests\Swaggerator.Types.Tests.csproj", "{9FCF2C54-FB0C-4F38-AAA2-4521890DB886}"
EndProject
Project("{FAE04EC0-301F-11D3-BF4B-00C04F79EFBC}") = "Swaggerator.Yaml", "src\Swaggerator.Yaml\Swaggerator.Yaml.csproj", "{13D529B8-F4E3-42B0-A7D1-58E6910125C3}"
EndProject
Project("{FAE04EC0-301F-11D3-BF4B-00C04F79EFBC}") = "Swaggerator.Yaml.Tests", "tests\Swaggerator.Yaml.Tests\Swaggerator.Yaml.Tests.csproj", "{A33D0D17-966D-4EF2-BB04-B65019CC6400}"
EndProject
Global
	GlobalSection(SolutionConfigurationPlatforms) = preSolution
		Debug|Any CPU = Debug|Any CPU
		Release|Any CPU = Release|Any CPU
	EndGlobalSection
	GlobalSection(SolutionProperties) = preSolution
		HideSolutionNode = FALSE
	EndGlobalSection
	GlobalSection(ProjectConfigurationPlatforms) = postSolution
		{5B6C0CC8-3C16-4BE2-8BF2-EBF44E0917DA}.Debug|Any CPU.ActiveCfg = Debug|Any CPU
		{5B6C0CC8-3C16-4BE2-8BF2-EBF44E0917DA}.Debug|Any CPU.Build.0 = Debug|Any CPU
		{5B6C0CC8-3C16-4BE2-8BF2-EBF44E0917DA}.Release|Any CPU.ActiveCfg = Release|Any CPU
		{5B6C0CC8-3C16-4BE2-8BF2-EBF44E0917DA}.Release|Any CPU.Build.0 = Release|Any CPU
		{57B80611-4E4A-452A-A233-80276FDDFF2E}.Debug|Any CPU.ActiveCfg = Debug|Any CPU
		{57B80611-4E4A-452A-A233-80276FDDFF2E}.Debug|Any CPU.Build.0 = Debug|Any CPU
		{57B80611-4E4A-452A-A233-80276FDDFF2E}.Release|Any CPU.ActiveCfg = Release|Any CPU
		{57B80611-4E4A-452A-A233-80276FDDFF2E}.Release|Any CPU.Build.0 = Release|Any CPU
		{EABEE4EE-4E98-45D8-803B-96DF30870421}.Debug|Any CPU.ActiveCfg = Debug|Any CPU
		{EABEE4EE-4E98-45D8-803B-96DF30870421}.Debug|Any CPU.Build.0 = Debug|Any CPU
		{EABEE4EE-4E98-45D8-803B-96DF30870421}.Release|Any CPU.ActiveCfg = Release|Any CPU
		{EABEE4EE-4E98-45D8-803B-96DF30870421}.Release|Any CPU.Build.0 = Release|Any CPU
		{9FCF2C54-FB0C-4F38-AAA2-4521890DB886}.Debug|Any CPU.ActiveCfg = Debug|Any CPU
		{9FCF2C54-FB0C-4F38-AAA2-4521890DB886}.Debug|Any CPU.Build.0 = Debug|Any CPU
		{9FCF2C54-FB0C-4F38-AAA2-4521890DB886}.Release|Any CPU.ActiveCfg = Release|Any CPU
		{9FCF2C54-FB0C-4F38-AAA2-4521890DB886}.Release|Any CPU.Build.0 = Release|Any CPU
		{13D529B8-F4E3-42B0-A7D1-58E6910125C3}.Debug|Any CPU.ActiveCfg = Debug|Any CPU
		{13D529B8-F4E3-42B0-A7D1-58E6910125C3}.Debug|Any CPU.Build.0 = Debug|Any CPU
		{13D529B8-F4E3-42B0-A7D1-58E6910125C3}.Release|Any CPU.ActiveCfg = Release|Any CPU
		{13D529B8-F4E3-42B0-A7D1-58E6910125C3}.Release|Any CPU.Build.0 = Release|Any CPU
		{A33D0D17-966D-4EF2-BB04-B65019CC6400}.Debug|Any CPU.ActiveCfg = Debug|Any CPU
		{A33D0D17-966D-4EF2-BB04-B65019CC6400}.Debug|Any CPU.Build.0 = Debug|Any CPU
		{A33D0D17-966D-4EF2-BB04-B65019CC6400}.Release|Any CPU.ActiveCfg = Release|Any CPU
		{A33D0D17-966D-4EF2-BB04-B65019CC6400}.Release|Any CPU.Build.0 = Release|Any CPU
	EndGlobalSection
	GlobalSection(NestedProjects) = preSolution
		{5B6C0CC8-3C16-4BE2-8BF2-EBF44E0917DA} = {F696BA51-DE00-4452-A82F-F24493032746}
		{57B80611-4E4A-452A-A233-80276FDDFF2E} = {C44044CB-E8AD-4CB5-A151-52F779047047}
		{EABEE4EE-4E98-45D8-803B-96DF30870421} = {F696BA51-DE00-4452-A82F-F24493032746}
		{9FCF2C54-FB0C-4F38-AAA2-4521890DB886} = {C44044CB-E8AD-4CB5-A151-52F779047047}
		{13D529B8-F4E3-42B0-A7D1-58E6910125C3} = {F696BA51-DE00-4452-A82F-F24493032746}
		{A33D0D17-966D-4EF2-BB04-B65019CC6400} = {C44044CB-E8AD-4CB5-A151-52F779047047}
	EndGlobalSection
EndGlobal
